<Solution>
  <Project Path="Lektion_10_EntityFramework/Lektion_10_EntityFramework.csproj" Id="6193b35d-84fa-4f45-b99e-55263c91c77d" />
  <Project Path="Lektion_11_BlazorMVC/Lektion_11_BlazorMVC.csproj" Id="9d9656a5-ccb3-4217-b009-18180654b99d" />
  <Project Path="Lektion_11_BlazorServer/Lektion_11_BlazorServer.csproj" Id="0bb26d86-9222-4cc8-92b8-bbaf00ead684" />
  <Project Path="Lektion_11_BlazorWebAssembly/Lektion_11_BlazorWebAssembly.Client/Lektion_11_BlazorWebAssembly.Client.csproj" Id="e25e2ee5-c326-4ee5-98bd-68af30964d73" />
  <Project Path="Lektion_11_BlazorWebAssembly/Lektion_11_BlazorWebAssembly/Lektion_11_BlazorWebAssembly.csproj" Id="3c1c5a2f-e609-48e0-9716-19d83637de61" />
  <Project Path="Lektion_12_MAUI/Lektion_12_13_MAUI.csproj" Id="26b37324-e5b6-411f-ae7c-dfccd4ddcdd5">
    <Deploy Solution="Debug|*" />
  </Project>
  <Project Path="Lektion_14_Reqnroll/Lektion_14_Reqnroll.csproj" Id="b498647f-01d1-408f-8ed9-326f655813dc" />
  <Project Path="Lektion_14_TLA_DataAccess/Lektion_14_TLA_DataAccess.csproj" Id="65aa9afb-e643-48a3-9a2f-1b27643f79eb" />
  <Project Path="Lektion_14_TLA_DTO/Lektion_14_TLA_DTO.csproj" Id="2751f0f8-3282-4cb8-a6d2-ff3cce904c45" />
  <Project Path="Lektion_14_TLA_Presentation/Lektion_14_TLA_Presentation.csproj" Id="cef27440-5240-474c-a098-5808aa6958c4" />
  <Project Path="Lektion_1_Introduktion/Lektion_1_Introduktion.csproj" Id="5134b6c3-87c5-4cf3-90bd-e61819b5a260" />
  <Project Path="Lektion_2_Sprogkonstruktion/Lektion_2_Sprogkonstruktion.csproj" Id="8958be29-9bb7-423c-bcbf-2537e1861399" />
  <Project Path="Lektion_3_BlackJackExercise/Lektion_3_BlackJackExercise.csproj" Id="621ed269-949f-4ea6-89dc-f11c811a4ff5" />
  <Project Path="Lektion_3_Objektorienteret/Lektion_3_Objektorienteret.csproj" Id="f4d688ba-2976-44a1-8946-5a1534a7b528" />
  <Project Path="Lektion_4_Delegate/Lektion_4_Delegate.csproj" Id="c7912494-8d2c-424b-a30d-7c46b33b1a57" />
  <Project Path="Lektion_5_LINQ/Lektion_5_LINQ.csproj" Id="a6e3db8d-5960-4844-8bcc-f57bfa068e7c" />
  <Project Path="Lektion_6_MVC/Lektion_6_MVC.csproj" Id="f81040c4-a822-43d8-99bd-d70604fb5664" />
  <Project Path="Lektion_7_HTML_Helpers/Lektion_7_HTML_Helpers.csproj" Id="358adcc7-45f7-48e4-8873-4d3dcf305393" />
  <Project Path="Lektion_8_Layout/Lektion_8_Layout.csproj" Id="c427335d-124d-4a34-8839-9c0054d21b47" />
  <Project Path="Lektion_9_PersonerWebAPI/Lektion_9_PersonerWebAPI.csproj" Id="218045d0-830c-4d7f-81f9-39440127f5a2" />
  <Project Path="Lektion_9_WebAPITutorial/Lektion_9_WebAPITutorial.csproj" Id="b2e7b56b-77f3-43e7-8d09-e8f5ae7d15d4" />
  <Project Path="Lektion_9_WebAPITutorialMedJS/Lektion_9_WebAPITutorialMedJS.csproj" Id="585a3cd5-82ea-4fc1-8ac1-12343e7ec84a" />
  <Project Path="MyLibrary/MyLibrary.csproj" Id="909c3bac-0b0c-4231-870e-d4bafc9fbec0" />
</Solution>
