<Solution>
  <Project Path="DelegateExercise/DelegateExercise.csproj" Id="b124dffb-896a-4340-9d34-d26f1c1a186a" />
  <Project Path="Lektion_4_Delegate/Lektion_4_Delegate.csproj" />
  <Project Path="PowerPlantExercise/PowerPlantExercise.csproj" Id="be8fdcde-6d43-45f3-a7f8-14cea14c5ccb" />
  <Project Path="Spillekort/Spillekort.csproj" Id="496c8bac-c613-4258-9411-ef408f1dd02f" />
</Solution>
